
Microsoft Visual Studio Solution File, Format Version 12.00
# Visual Studio Version 17
VisualStudioVersion = 17.5.33530.505
MinimumVisualStudioVersion = 10.0.40219.1
Project("{9A19103F-16F7-4668-BE54-9A1E7A4F7556}") = "Notification", "Notification\Notification.csproj", "{CBB29902-5837-4055-B6E4-47D62F4FEA8A}"
EndProject
Project("{9A19103F-16F7-4668-BE54-9A1E7A4F7556}") = "SEQ", "SEQ\SEQ.csproj", "{A6EE70A1-B904-4F30-BFDC-2BEF26E8F2F1}"
EndProject
Project("{9A19103F-16F7-4668-BE54-9A1E7A4F7556}") = "UI", "UI\UI.csproj", "{DDF35433-5CC0-42D0-A6CF-E4B9A88B7F02}"
EndProject
Project("{9A19103F-16F7-4668-BE54-9A1E7A4F7556}") = "Core", "Core\Core.csproj", "{0F94EABB-000E-4FA2-A793-EC513C94F592}"
EndProject
Project("{9A19103F-16F7-4668-BE54-9A1E7A4F7556}") = "Server", "Server\Server.csproj", "{6F449A08-A1F3-4AB1-8F41-42997C3BC9A4}"
EndProject
Project("{9A19103F-16F7-4668-BE54-9A1E7A4F7556}") = "Sample", "Sample\Sample.csproj", "{7EBF3331-D210-4012-8DD3-0A74D869A56B}"
EndProject
Project("{9A19103F-16F7-4668-BE54-9A1E7A4F7556}") = "HealthCheck", "HealthCheck\HealthCheck.csproj", "{60C477E9-6914-4B22-9C51-6E69D4114FEA}"
EndProject
Project("{9A19103F-16F7-4668-BE54-9A1E7A4F7556}") = "Library", "Library\Library.csproj", "{0145DD7E-5DBC-4E1B-AD72-5CED050B7CBD}"
EndProject
Project("{FAE04EC0-301F-11D3-BF4B-00C04F79EFBC}") = "Analysis", "Analysis\Analysis.csproj", "{9B084573-B080-4E2A-85E7-C0D620195C98}"
EndProject
Global
	GlobalSection(SolutionConfigurationPlatforms) = preSolution
		Debug|Any CPU = Debug|Any CPU
		Release|Any CPU = Release|Any CPU
	EndGlobalSection
	GlobalSection(ProjectConfigurationPlatforms) = postSolution
		{CBB29902-5837-4055-B6E4-47D62F4FEA8A}.Debug|Any CPU.ActiveCfg = Debug|Any CPU
		{CBB29902-5837-4055-B6E4-47D62F4FEA8A}.Debug|Any CPU.Build.0 = Debug|Any CPU
		{CBB29902-5837-4055-B6E4-47D62F4FEA8A}.Release|Any CPU.ActiveCfg = Release|Any CPU
		{CBB29902-5837-4055-B6E4-47D62F4FEA8A}.Release|Any CPU.Build.0 = Release|Any CPU
		{A6EE70A1-B904-4F30-BFDC-2BEF26E8F2F1}.Debug|Any CPU.ActiveCfg = Debug|Any CPU
		{A6EE70A1-B904-4F30-BFDC-2BEF26E8F2F1}.Debug|Any CPU.Build.0 = Debug|Any CPU
		{A6EE70A1-B904-4F30-BFDC-2BEF26E8F2F1}.Release|Any CPU.ActiveCfg = Release|Any CPU
		{A6EE70A1-B904-4F30-BFDC-2BEF26E8F2F1}.Release|Any CPU.Build.0 = Release|Any CPU
		{DDF35433-5CC0-42D0-A6CF-E4B9A88B7F02}.Debug|Any CPU.ActiveCfg = Debug|Any CPU
		{DDF35433-5CC0-42D0-A6CF-E4B9A88B7F02}.Debug|Any CPU.Build.0 = Debug|Any CPU
		{DDF35433-5CC0-42D0-A6CF-E4B9A88B7F02}.Release|Any CPU.ActiveCfg = Release|Any CPU
		{DDF35433-5CC0-42D0-A6CF-E4B9A88B7F02}.Release|Any CPU.Build.0 = Release|Any CPU
		{0F94EABB-000E-4FA2-A793-EC513C94F592}.Debug|Any CPU.ActiveCfg = Debug|Any CPU
		{0F94EABB-000E-4FA2-A793-EC513C94F592}.Debug|Any CPU.Build.0 = Debug|Any CPU
		{0F94EABB-000E-4FA2-A793-EC513C94F592}.Release|Any CPU.ActiveCfg = Release|Any CPU
		{0F94EABB-000E-4FA2-A793-EC513C94F592}.Release|Any CPU.Build.0 = Release|Any CPU
		{6F449A08-A1F3-4AB1-8F41-42997C3BC9A4}.Debug|Any CPU.ActiveCfg = Debug|Any CPU
		{6F449A08-A1F3-4AB1-8F41-42997C3BC9A4}.Debug|Any CPU.Build.0 = Debug|Any CPU
		{6F449A08-A1F3-4AB1-8F41-42997C3BC9A4}.Release|Any CPU.ActiveCfg = Release|Any CPU
		{6F449A08-A1F3-4AB1-8F41-42997C3BC9A4}.Release|Any CPU.Build.0 = Release|Any CPU
		{7EBF3331-D210-4012-8DD3-0A74D869A56B}.Debug|Any CPU.ActiveCfg = Debug|Any CPU
		{7EBF3331-D210-4012-8DD3-0A74D869A56B}.Debug|Any CPU.Build.0 = Debug|Any CPU
		{7EBF3331-D210-4012-8DD3-0A74D869A56B}.Release|Any CPU.ActiveCfg = Release|Any CPU
		{7EBF3331-D210-4012-8DD3-0A74D869A56B}.Release|Any CPU.Build.0 = Release|Any CPU
		{60C477E9-6914-4B22-9C51-6E69D4114FEA}.Debug|Any CPU.ActiveCfg = Debug|Any CPU
		{60C477E9-6914-4B22-9C51-6E69D4114FEA}.Debug|Any CPU.Build.0 = Debug|Any CPU
		{60C477E9-6914-4B22-9C51-6E69D4114FEA}.Release|Any CPU.ActiveCfg = Release|Any CPU
		{60C477E9-6914-4B22-9C51-6E69D4114FEA}.Release|Any CPU.Build.0 = Release|Any CPU
		{0145DD7E-5DBC-4E1B-AD72-5CED050B7CBD}.Debug|Any CPU.ActiveCfg = Debug|Any CPU
		{0145DD7E-5DBC-4E1B-AD72-5CED050B7CBD}.Debug|Any CPU.Build.0 = Debug|Any CPU
		{0145DD7E-5DBC-4E1B-AD72-5CED050B7CBD}.Release|Any CPU.ActiveCfg = Release|Any CPU
		{0145DD7E-5DBC-4E1B-AD72-5CED050B7CBD}.Release|Any CPU.Build.0 = Release|Any CPU
		{9B084573-B080-4E2A-85E7-C0D620195C98}.Debug|Any CPU.ActiveCfg = Debug|Any CPU
		{9B084573-B080-4E2A-85E7-C0D620195C98}.Debug|Any CPU.Build.0 = Debug|Any CPU
		{9B084573-B080-4E2A-85E7-C0D620195C98}.Release|Any CPU.ActiveCfg = Release|Any CPU
		{9B084573-B080-4E2A-85E7-C0D620195C98}.Release|Any CPU.Build.0 = Release|Any CPU
	EndGlobalSection
	GlobalSection(SolutionProperties) = preSolution
		HideSolutionNode = FALSE
	EndGlobalSection
	GlobalSection(ExtensibilityGlobals) = postSolution
		SolutionGuid = {A5E9A33B-DA0D-4C03-BEFB-589F6C2CB3F7}
	EndGlobalSection
EndGlobal
