
Microsoft Visual Studio Solution File, Format Version 12.00
# Visual Studio Version 17
VisualStudioVersion = 17.5.33530.505
MinimumVisualStudioVersion = 10.0.40219.1
Project("{FAE04EC0-301F-11D3-BF4B-00C04F79EFBC}") = "FlexibleQuery", "FlexibleQuery\FlexibleQuery.csproj", "{9507988D-B0D6-4F22-A6DE-30AD0252F1D3}"
EndProject
Global
	GlobalSection(SolutionConfigurationPlatforms) = preSolution
		Debug|Any CPU = Debug|Any CPU
		Release|Any CPU = Release|Any CPU
	EndGlobalSection
	GlobalSection(ProjectConfigurationPlatforms) = postSolution
		{9507988D-B0D6-4F22-A6DE-30AD0252F1D3}.Debug|Any CPU.ActiveCfg = Debug|Any CPU
		{9507988D-B0D6-4F22-A6DE-30AD0252F1D3}.Debug|Any CPU.Build.0 = Debug|Any CPU
		{9507988D-B0D6-4F22-A6DE-30AD0252F1D3}.Release|Any CPU.ActiveCfg = Release|Any CPU
		{9507988D-B0D6-4F22-A6DE-30AD0252F1D3}.Release|Any CPU.Build.0 = Release|Any CPU
	EndGlobalSection
	GlobalSection(SolutionProperties) = preSolution
		HideSolutionNode = FALSE
	EndGlobalSection
	GlobalSection(ExtensibilityGlobals) = postSolution
		SolutionGuid = {096ED21F-E769-4C2C-81D5-E61D275736A8}
	EndGlobalSection
EndGlobal
